
Microsoft Visual Studio Solution File, Format Version 12.00
# Visual Studio Version 16
VisualStudioVersion = 16.0.30804.86
MinimumVisualStudioVersion = 10.0.40219.1
Project("{FAE04EC0-301F-11D3-BF4B-00C04F79EFBC}") = "WS1_OOP", "WS1_OOP\WS1_OOP.csproj", "{F606C6A3-DF08-4EC5-8B6E-EDFF49B915E4}"
EndProject
Global
	GlobalSection(SolutionConfigurationPlatforms) = preSolution
		Debug|Any CPU = Debug|Any CPU
		Release|Any CPU = Release|Any CPU
	EndGlobalSection
	GlobalSection(ProjectConfigurationPlatforms) = postSolution
		{F606C6A3-DF08-4EC5-8B6E-EDFF49B915E4}.Debug|Any CPU.ActiveCfg = Debug|Any CPU
		{F606C6A3-DF08-4EC5-8B6E-EDFF49B915E4}.Debug|Any CPU.Build.0 = Debug|Any CPU
		{F606C6A3-DF08-4EC5-8B6E-EDFF49B915E4}.Release|Any CPU.ActiveCfg = Release|Any CPU
		{F606C6A3-DF08-4EC5-8B6E-EDFF49B915E4}.Release|Any CPU.Build.0 = Release|Any CPU
	EndGlobalSection
	GlobalSection(SolutionProperties) = preSolution
		HideSolutionNode = FALSE
	EndGlobalSection
	GlobalSection(ExtensibilityGlobals) = postSolution
		SolutionGuid = {D82A8727-EA7A-4CE8-BB91-A0DB79B4F7EE}
	EndGlobalSection
EndGlobal
